
Microsoft Visual Studio Solution File, Format Version 12.00
# Visual Studio Version 17
VisualStudioVersion = 17.5.33516.290
MinimumVisualStudioVersion = 10.0.40219.1
Project("{FAE04EC0-301F-11D3-BF4B-00C04F79EFBC}") = "PrjAdivinhação", "PrjAdivinhação\PrjAdivinhação.csproj", "{E8CEEB56-9E48-4E9D-AA76-2F3177F5A7AF}"
EndProject
Global
	GlobalSection(SolutionConfigurationPlatforms) = preSolution
		Debug|Any CPU = Debug|Any CPU
		Release|Any CPU = Release|Any CPU
	EndGlobalSection
	GlobalSection(ProjectConfigurationPlatforms) = postSolution
		{E8CEEB56-9E48-4E9D-AA76-2F3177F5A7AF}.Debug|Any CPU.ActiveCfg = Debug|Any CPU
		{E8CEEB56-9E48-4E9D-AA76-2F3177F5A7AF}.Debug|Any CPU.Build.0 = Debug|Any CPU
		{E8CEEB56-9E48-4E9D-AA76-2F3177F5A7AF}.Release|Any CPU.ActiveCfg = Release|Any CPU
		{E8CEEB56-9E48-4E9D-AA76-2F3177F5A7AF}.Release|Any CPU.Build.0 = Release|Any CPU
	EndGlobalSection
	GlobalSection(SolutionProperties) = preSolution
		HideSolutionNode = FALSE
	EndGlobalSection
	GlobalSection(ExtensibilityGlobals) = postSolution
		SolutionGuid = {9DF1D782-BDC3-46BA-93D9-47417D752549}
	EndGlobalSection
EndGlobal
